// !$*UTF8*$!
{
	archiveVersion = 1;
	classes = {
	};
	objectVersion = 56;
	objects = {

/* Begin PBXBuildFile section */
		6D73A7872A39590C000B3F24 /* RMCharacterViewController.swift in Sources */ = {isa = PBXBuildFile; fileRef = 6D73A7862A39590C000B3F24 /* RMCharacterViewController.swift */; };
		6D73A7892A395917000B3F24 /* RMLocationViewController.swift in Sources */ = {isa = PBXBuildFile; fileRef = 6D73A7882A395917000B3F24 /* RMLocationViewController.swift */; };
		6D73A78B2A39592B000B3F24 /* RMEpisodeViewController.swift in Sources */ = {isa = PBXBuildFile; fileRef = 6D73A78A2A39592B000B3F24 /* RMEpisodeViewController.swift */; };
		6D73A78D2A395940000B3F24 /* RMSettingsViewController.swift in Sources */ = {isa = PBXBuildFile; fileRef = 6D73A78C2A395940000B3F24 /* RMSettingsViewController.swift */; };
		6D73A7952A3968F0000B3F24 /* RMService.swift in Sources */ = {isa = PBXBuildFile; fileRef = 6D73A7942A3968F0000B3F24 /* RMService.swift */; };
		6D73A7972A39690F000B3F24 /* RMRequest.swift in Sources */ = {isa = PBXBuildFile; fileRef = 6D73A7962A39690F000B3F24 /* RMRequest.swift */; };
		6D73A7992A3969CE000B3F24 /* RMEndPoint.swift in Sources */ = {isa = PBXBuildFile; fileRef = 6D73A7982A3969CE000B3F24 /* RMEndPoint.swift */; };
		6D73A79D2A396EF0000B3F24 /* RMOrigin.swift in Sources */ = {isa = PBXBuildFile; fileRef = 6D73A79C2A396EF0000B3F24 /* RMOrigin.swift */; };
		6D73A79F2A396EF9000B3F24 /* RMCharacterLocation.swift in Sources */ = {isa = PBXBuildFile; fileRef = 6D73A79E2A396EF9000B3F24 /* RMCharacterLocation.swift */; };
		6D73A7A12A396F06000B3F24 /* RMCharacterStatus.swift in Sources */ = {isa = PBXBuildFile; fileRef = 6D73A7A02A396F06000B3F24 /* RMCharacterStatus.swift */; };
		6D73A7A32A396FD1000B3F24 /* RMGender.swift in Sources */ = {isa = PBXBuildFile; fileRef = 6D73A7A22A396FD1000B3F24 /* RMGender.swift */; };
		6D73A7A72A3997DA000B3F24 /* RMGetAllCharactersResponse.swift in Sources */ = {isa = PBXBuildFile; fileRef = 6D73A7A62A3997DA000B3F24 /* RMGetAllCharactersResponse.swift */; };
		6D73A7AA2A39A097000B3F24 /* RMCharacterListViewModel.swift in Sources */ = {isa = PBXBuildFile; fileRef = 6D73A7A92A39A097000B3F24 /* RMCharacterListViewModel.swift */; };
		6D73A7B12A39A1E0000B3F24 /* RMCharacterListView.swift in Sources */ = {isa = PBXBuildFile; fileRef = 6D73A7B02A39A1E0000B3F24 /* RMCharacterListView.swift */; };
		6DEECAD32A32D1BB00B8E1E2 /* AppDelegate.swift in Sources */ = {isa = PBXBuildFile; fileRef = 6DEECAD22A32D1BB00B8E1E2 /* AppDelegate.swift */; };
		6DEECAD52A32D1BB00B8E1E2 /* SceneDelegate.swift in Sources */ = {isa = PBXBuildFile; fileRef = 6DEECAD42A32D1BB00B8E1E2 /* SceneDelegate.swift */; };
		6DEECADA2A32D1BB00B8E1E2 /* Main.storyboard in Resources */ = {isa = PBXBuildFile; fileRef = 6DEECAD82A32D1BB00B8E1E2 /* Main.storyboard */; };
		6DEECADD2A32D1BB00B8E1E2 /* RickAndMorty.xcdatamodeld in Sources */ = {isa = PBXBuildFile; fileRef = 6DEECADB2A32D1BB00B8E1E2 /* RickAndMorty.xcdatamodeld */; };
		6DEECADF2A32D1BC00B8E1E2 /* Assets.xcassets in Resources */ = {isa = PBXBuildFile; fileRef = 6DEECADE2A32D1BC00B8E1E2 /* Assets.xcassets */; };
		6DEECAE22A32D1BC00B8E1E2 /* LaunchScreen.storyboard in Resources */ = {isa = PBXBuildFile; fileRef = 6DEECAE02A32D1BC00B8E1E2 /* LaunchScreen.storyboard */; };
		6DEECAED2A32D1BC00B8E1E2 /* RickAndMortyTests.swift in Sources */ = {isa = PBXBuildFile; fileRef = 6DEECAEC2A32D1BC00B8E1E2 /* RickAndMortyTests.swift */; };
		6DEECAF72A32D1BC00B8E1E2 /* RickAndMortyUITests.swift in Sources */ = {isa = PBXBuildFile; fileRef = 6DEECAF62A32D1BC00B8E1E2 /* RickAndMortyUITests.swift */; };
		6DEECAF92A32D1BC00B8E1E2 /* RickAndMortyUITestsLaunchTests.swift in Sources */ = {isa = PBXBuildFile; fileRef = 6DEECAF82A32D1BC00B8E1E2 /* RickAndMortyUITestsLaunchTests.swift */; };
		6DEECB0D2A32D4DE00B8E1E2 /* RMLocation.swift in Sources */ = {isa = PBXBuildFile; fileRef = 6DEECB0C2A32D4DE00B8E1E2 /* RMLocation.swift */; };
		6DEECB0F2A32D4EB00B8E1E2 /* RMCharacter.swift in Sources */ = {isa = PBXBuildFile; fileRef = 6DEECB0E2A32D4EB00B8E1E2 /* RMCharacter.swift */; };
		6DEECB112A32D4F300B8E1E2 /* RMEpisode.swift in Sources */ = {isa = PBXBuildFile; fileRef = 6DEECB102A32D4F300B8E1E2 /* RMEpisode.swift */; };
/* End PBXBuildFile section */

/* Begin PBXContainerItemProxy section */
		6DEECAE92A32D1BC00B8E1E2 /* PBXContainerItemProxy */ = {
			isa = PBXContainerItemProxy;
			containerPortal = 6DEECAC72A32D1BB00B8E1E2 /* Project object */;
			proxyType = 1;
			remoteGlobalIDString = 6DEECACE2A32D1BB00B8E1E2;
			remoteInfo = RickAndMorty;
		};
		6DEECAF32A32D1BC00B8E1E2 /* PBXContainerItemProxy */ = {
			isa = PBXContainerItemProxy;
			containerPortal = 6DEECAC72A32D1BB00B8E1E2 /* Project object */;
			proxyType = 1;
			remoteGlobalIDString = 6DEECACE2A32D1BB00B8E1E2;
			remoteInfo = RickAndMorty;
		};
/* End PBXContainerItemProxy section */

/* Begin PBXFileReference section */
		6D73A7862A39590C000B3F24 /* RMCharacterViewController.swift */ = {isa = PBXFileReference; lastKnownFileType = sourcecode.swift; path = RMCharacterViewController.swift; sourceTree = "<group>"; };
		6D73A7882A395917000B3F24 /* RMLocationViewController.swift */ = {isa = PBXFileReference; lastKnownFileType = sourcecode.swift; path = RMLocationViewController.swift; sourceTree = "<group>"; };
		6D73A78A2A39592B000B3F24 /* RMEpisodeViewController.swift */ = {isa = PBXFileReference; lastKnownFileType = sourcecode.swift; path = RMEpisodeViewController.swift; sourceTree = "<group>"; };
		6D73A78C2A395940000B3F24 /* RMSettingsViewController.swift */ = {isa = PBXFileReference; lastKnownFileType = sourcecode.swift; path = RMSettingsViewController.swift; sourceTree = "<group>"; };
		6D73A7942A3968F0000B3F24 /* RMService.swift */ = {isa = PBXFileReference; lastKnownFileType = sourcecode.swift; path = RMService.swift; sourceTree = "<group>"; };
		6D73A7962A39690F000B3F24 /* RMRequest.swift */ = {isa = PBXFileReference; lastKnownFileType = sourcecode.swift; path = RMRequest.swift; sourceTree = "<group>"; };
		6D73A7982A3969CE000B3F24 /* RMEndPoint.swift */ = {isa = PBXFileReference; lastKnownFileType = sourcecode.swift; path = RMEndPoint.swift; sourceTree = "<group>"; };
		6D73A79C2A396EF0000B3F24 /* RMOrigin.swift */ = {isa = PBXFileReference; lastKnownFileType = sourcecode.swift; path = RMOrigin.swift; sourceTree = "<group>"; };
		6D73A79E2A396EF9000B3F24 /* RMCharacterLocation.swift */ = {isa = PBXFileReference; lastKnownFileType = sourcecode.swift; path = RMCharacterLocation.swift; sourceTree = "<group>"; };
		6D73A7A02A396F06000B3F24 /* RMCharacterStatus.swift */ = {isa = PBXFileReference; lastKnownFileType = sourcecode.swift; path = RMCharacterStatus.swift; sourceTree = "<group>"; };
		6D73A7A22A396FD1000B3F24 /* RMGender.swift */ = {isa = PBXFileReference; lastKnownFileType = sourcecode.swift; path = RMGender.swift; sourceTree = "<group>"; };
		6D73A7A62A3997DA000B3F24 /* RMGetAllCharactersResponse.swift */ = {isa = PBXFileReference; lastKnownFileType = sourcecode.swift; path = RMGetAllCharactersResponse.swift; sourceTree = "<group>"; };
		6D73A7A92A39A097000B3F24 /* RMCharacterListViewModel.swift */ = {isa = PBXFileReference; lastKnownFileType = sourcecode.swift; path = RMCharacterListViewModel.swift; sourceTree = "<group>"; };
		6D73A7B02A39A1E0000B3F24 /* RMCharacterListView.swift */ = {isa = PBXFileReference; fileEncoding = 4; lastKnownFileType = sourcecode.swift; path = RMCharacterListView.swift; sourceTree = "<group>"; };
		6DEECACF2A32D1BB00B8E1E2 /* RickAndMorty.app */ = {isa = PBXFileReference; explicitFileType = wrapper.application; includeInIndex = 0; path = RickAndMorty.app; sourceTree = BUILT_PRODUCTS_DIR; };
		6DEECAD22A32D1BB00B8E1E2 /* AppDelegate.swift */ = {isa = PBXFileReference; lastKnownFileType = sourcecode.swift; path = AppDelegate.swift; sourceTree = "<group>"; };
		6DEECAD42A32D1BB00B8E1E2 /* SceneDelegate.swift */ = {isa = PBXFileReference; lastKnownFileType = sourcecode.swift; path = SceneDelegate.swift; sourceTree = "<group>"; };
		6DEECAD92A32D1BB00B8E1E2 /* Base */ = {isa = PBXFileReference; lastKnownFileType = file.storyboard; name = Base; path = Base.lproj/Main.storyboard; sourceTree = "<group>"; };
		6DEECADC2A32D1BB00B8E1E2 /* RickAndMorty.xcdatamodel */ = {isa = PBXFileReference; lastKnownFileType = wrapper.xcdatamodel; path = RickAndMorty.xcdatamodel; sourceTree = "<group>"; };
		6DEECADE2A32D1BC00B8E1E2 /* Assets.xcassets */ = {isa = PBXFileReference; lastKnownFileType = folder.assetcatalog; path = Assets.xcassets; sourceTree = "<group>"; };
		6DEECAE12A32D1BC00B8E1E2 /* Base */ = {isa = PBXFileReference; lastKnownFileType = file.storyboard; name = Base; path = Base.lproj/LaunchScreen.storyboard; sourceTree = "<group>"; };
		6DEECAE32A32D1BC00B8E1E2 /* Info.plist */ = {isa = PBXFileReference; lastKnownFileType = text.plist.xml; path = Info.plist; sourceTree = "<group>"; };
		6DEECAE82A32D1BC00B8E1E2 /* RickAndMortyTests.xctest */ = {isa = PBXFileReference; explicitFileType = wrapper.cfbundle; includeInIndex = 0; path = RickAndMortyTests.xctest; sourceTree = BUILT_PRODUCTS_DIR; };
		6DEECAEC2A32D1BC00B8E1E2 /* RickAndMortyTests.swift */ = {isa = PBXFileReference; lastKnownFileType = sourcecode.swift; path = RickAndMortyTests.swift; sourceTree = "<group>"; };
		6DEECAF22A32D1BC00B8E1E2 /* RickAndMortyUITests.xctest */ = {isa = PBXFileReference; explicitFileType = wrapper.cfbundle; includeInIndex = 0; path = RickAndMortyUITests.xctest; sourceTree = BUILT_PRODUCTS_DIR; };
		6DEECAF62A32D1BC00B8E1E2 /* RickAndMortyUITests.swift */ = {isa = PBXFileReference; lastKnownFileType = sourcecode.swift; path = RickAndMortyUITests.swift; sourceTree = "<group>"; };
		6DEECAF82A32D1BC00B8E1E2 /* RickAndMortyUITestsLaunchTests.swift */ = {isa = PBXFileReference; lastKnownFileType = sourcecode.swift; path = RickAndMortyUITestsLaunchTests.swift; sourceTree = "<group>"; };
		6DEECB0C2A32D4DE00B8E1E2 /* RMLocation.swift */ = {isa = PBXFileReference; lastKnownFileType = sourcecode.swift; path = RMLocation.swift; sourceTree = "<group>"; };
		6DEECB0E2A32D4EB00B8E1E2 /* RMCharacter.swift */ = {isa = PBXFileReference; lastKnownFileType = sourcecode.swift; path = RMCharacter.swift; sourceTree = "<group>"; };
		6DEECB102A32D4F300B8E1E2 /* RMEpisode.swift */ = {isa = PBXFileReference; lastKnownFileType = sourcecode.swift; path = RMEpisode.swift; sourceTree = "<group>"; };
/* End PBXFileReference section */

/* Begin PBXFrameworksBuildPhase section */
		6DEECACC2A32D1BB00B8E1E2 /* Frameworks */ = {
			isa = PBXFrameworksBuildPhase;
			buildActionMask = 2147483647;
			files = (
			);
			runOnlyForDeploymentPostprocessing = 0;
		};
		6DEECAE52A32D1BC00B8E1E2 /* Frameworks */ = {
			isa = PBXFrameworksBuildPhase;
			buildActionMask = 2147483647;
			files = (
			);
			runOnlyForDeploymentPostprocessing = 0;
		};
		6DEECAEF2A32D1BC00B8E1E2 /* Frameworks */ = {
			isa = PBXFrameworksBuildPhase;
			buildActionMask = 2147483647;
			files = (
			);
			runOnlyForDeploymentPostprocessing = 0;
		};
/* End PBXFrameworksBuildPhase section */

/* Begin PBXGroup section */
		6D73A78F2A395CA3000B3F24 /* RMLaunch */ = {
			isa = PBXGroup;
			children = (
				6DEECAE02A32D1BC00B8E1E2 /* LaunchScreen.storyboard */,
			);
			path = RMLaunch;
			sourceTree = "<group>";
		};
		6D73A7902A395D24000B3F24 /* RMSettings */ = {
			isa = PBXGroup;
			children = (
				6D73A78C2A395940000B3F24 /* RMSettingsViewController.swift */,
			);
			path = RMSettings;
			sourceTree = "<group>";
		};
		6D73A7912A395D27000B3F24 /* RMEpisode */ = {
			isa = PBXGroup;
			children = (
				6D73A78A2A39592B000B3F24 /* RMEpisodeViewController.swift */,
			);
			path = RMEpisode;
			sourceTree = "<group>";
		};
		6D73A7922A395D29000B3F24 /* RMLocation */ = {
			isa = PBXGroup;
			children = (
				6D73A7882A395917000B3F24 /* RMLocationViewController.swift */,
			);
			path = RMLocation;
			sourceTree = "<group>";
		};
		6D73A7932A395D2B000B3F24 /* RMCharacter */ = {
			isa = PBXGroup;
			children = (
				6D73A7B32A39A7A0000B3F24 /* Extension */,
				6D73A7B22A39A443000B3F24 /* ViewModel */,
				6D73A7862A39590C000B3F24 /* RMCharacterViewController.swift */,
			);
			path = RMCharacter;
			sourceTree = "<group>";
		};
		6D73A79B2A396EDE000B3F24 /* RMCharacter */ = {
			isa = PBXGroup;
			children = (
				6D73A79C2A396EF0000B3F24 /* RMOrigin.swift */,
				6D73A7A22A396FD1000B3F24 /* RMGender.swift */,
				6DEECB0E2A32D4EB00B8E1E2 /* RMCharacter.swift */,
				6D73A7A02A396F06000B3F24 /* RMCharacterStatus.swift */,
				6D73A79E2A396EF9000B3F24 /* RMCharacterLocation.swift */,
			);
			path = RMCharacter;
			sourceTree = "<group>";
		};
		6D73A7A42A39977E000B3F24 /* APIResponseTypes */ = {
			isa = PBXGroup;
			children = (
				6D73A7A62A3997DA000B3F24 /* RMGetAllCharactersResponse.swift */,
			);
			path = APIResponseTypes;
			sourceTree = "<group>";
		};
		6D73A7A52A3997A2000B3F24 /* DataTypes */ = {
			isa = PBXGroup;
			children = (
				6D73A79B2A396EDE000B3F24 /* RMCharacter */,
				6DEECB102A32D4F300B8E1E2 /* RMEpisode.swift */,
				6DEECB0C2A32D4DE00B8E1E2 /* RMLocation.swift */,
			);
			path = DataTypes;
			sourceTree = "<group>";
		};
		6D73A7AB2A39A14A000B3F24 /* Views */ = {
			isa = PBXGroup;
			children = (
				6D73A7AF2A39A1E0000B3F24 /* RMCharacterVC */,
			);
			path = Views;
			sourceTree = "<group>";
		};
		6D73A7AF2A39A1E0000B3F24 /* RMCharacterVC */ = {
			isa = PBXGroup;
			children = (
				6D73A7B02A39A1E0000B3F24 /* RMCharacterListView.swift */,
			);
			path = RMCharacterVC;
			sourceTree = "<group>";
		};
		6D73A7B22A39A443000B3F24 /* ViewModel */ = {
			isa = PBXGroup;
			children = (
				6D73A7A92A39A097000B3F24 /* RMCharacterListViewModel.swift */,
			);
			path = ViewModel;
			sourceTree = "<group>";
		};
		6D73A7B32A39A7A0000B3F24 /* Extension */ = {
			isa = PBXGroup;
			children = (
			);
			path = Extension;
			sourceTree = "<group>";
		};
		6DEECAC62A32D1BB00B8E1E2 = {
			isa = PBXGroup;
			children = (
				6DEECAD12A32D1BB00B8E1E2 /* RickAndMorty */,
				6DEECAEB2A32D1BC00B8E1E2 /* RickAndMortyTests */,
				6DEECAF52A32D1BC00B8E1E2 /* RickAndMortyUITests */,
				6DEECAD02A32D1BB00B8E1E2 /* Products */,
			);
			sourceTree = "<group>";
		};
		6DEECAD02A32D1BB00B8E1E2 /* Products */ = {
			isa = PBXGroup;
			children = (
				6DEECACF2A32D1BB00B8E1E2 /* RickAndMorty.app */,
				6DEECAE82A32D1BC00B8E1E2 /* RickAndMortyTests.xctest */,
				6DEECAF22A32D1BC00B8E1E2 /* RickAndMortyUITests.xctest */,
			);
			name = Products;
			sourceTree = "<group>";
		};
		6DEECAD12A32D1BB00B8E1E2 /* RickAndMorty */ = {
			isa = PBXGroup;
			children = (
				6D73A7AB2A39A14A000B3F24 /* Views */,
				6DEECB0B2A32D4B600B8E1E2 /* Models */,
				6DEECB052A32D32800B8E1E2 /* Delegate */,
				6DEECB122A32D51400B8E1E2 /* Sections */,
				6DEECB082A32D37500B8E1E2 /* Apiclient */,
				6DEECB072A32D36E00B8E1E2 /* Manager */,
				6DEECB062A32D35C00B8E1E2 /* Resources */,
			);
			path = RickAndMorty;
			sourceTree = "<group>";
		};
		6DEECAEB2A32D1BC00B8E1E2 /* RickAndMortyTests */ = {
			isa = PBXGroup;
			children = (
				6DEECAEC2A32D1BC00B8E1E2 /* RickAndMortyTests.swift */,
			);
			path = RickAndMortyTests;
			sourceTree = "<group>";
		};
		6DEECAF52A32D1BC00B8E1E2 /* RickAndMortyUITests */ = {
			isa = PBXGroup;
			children = (
				6DEECAF62A32D1BC00B8E1E2 /* RickAndMortyUITests.swift */,
				6DEECAF82A32D1BC00B8E1E2 /* RickAndMortyUITestsLaunchTests.swift */,
			);
			path = RickAndMortyUITests;
			sourceTree = "<group>";
		};
		6DEECB052A32D32800B8E1E2 /* Delegate */ = {
			isa = PBXGroup;
			children = (
				6DEECAD22A32D1BB00B8E1E2 /* AppDelegate.swift */,
				6DEECAD42A32D1BB00B8E1E2 /* SceneDelegate.swift */,
			);
			path = Delegate;
			sourceTree = "<group>";
		};
		6DEECB062A32D35C00B8E1E2 /* Resources */ = {
			isa = PBXGroup;
			children = (
				6DEECAE32A32D1BC00B8E1E2 /* Info.plist */,
				6DEECADE2A32D1BC00B8E1E2 /* Assets.xcassets */,
				6DEECADB2A32D1BB00B8E1E2 /* RickAndMorty.xcdatamodeld */,
			);
			path = Resources;
			sourceTree = "<group>";
		};
		6DEECB072A32D36E00B8E1E2 /* Manager */ = {
			isa = PBXGroup;
			children = (
			);
			path = Manager;
			sourceTree = "<group>";
		};
		6DEECB082A32D37500B8E1E2 /* Apiclient */ = {
			isa = PBXGroup;
			children = (
				6D73A7942A3968F0000B3F24 /* RMService.swift */,
				6D73A7962A39690F000B3F24 /* RMRequest.swift */,
				6D73A7982A3969CE000B3F24 /* RMEndPoint.swift */,
			);
			path = Apiclient;
			sourceTree = "<group>";
		};
		6DEECB0B2A32D4B600B8E1E2 /* Models */ = {
			isa = PBXGroup;
			children = (
				6D73A7A52A3997A2000B3F24 /* DataTypes */,
				6D73A7A42A39977E000B3F24 /* APIResponseTypes */,
			);
			path = Models;
			sourceTree = "<group>";
		};
		6DEECB122A32D51400B8E1E2 /* Sections */ = {
			isa = PBXGroup;
			children = (
				6D73A78F2A395CA3000B3F24 /* RMLaunch */,
				6D73A7912A395D27000B3F24 /* RMEpisode */,
				6D73A7902A395D24000B3F24 /* RMSettings */,
				6D73A7922A395D29000B3F24 /* RMLocation */,
				6D73A7932A395D2B000B3F24 /* RMCharacter */,
				6DEECAD82A32D1BB00B8E1E2 /* Main.storyboard */,
			);
			path = Sections;
			sourceTree = "<group>";
		};
/* End PBXGroup section */

/* Begin PBXNativeTarget section */
		6DEECACE2A32D1BB00B8E1E2 /* RickAndMorty */ = {
			isa = PBXNativeTarget;
			buildConfigurationList = 6DEECAFC2A32D1BC00B8E1E2 /* Build configuration list for PBXNativeTarget "RickAndMorty" */;
			buildPhases = (
				6DEECACB2A32D1BB00B8E1E2 /* Sources */,
				6DEECACC2A32D1BB00B8E1E2 /* Frameworks */,
				6DEECACD2A32D1BB00B8E1E2 /* Resources */,
			);
			buildRules = (
			);
			dependencies = (
			);
			name = RickAndMorty;
			productName = RickAndMorty;
			productReference = 6DEECACF2A32D1BB00B8E1E2 /* RickAndMorty.app */;
			productType = "com.apple.product-type.application";
		};
		6DEECAE72A32D1BC00B8E1E2 /* RickAndMortyTests */ = {
			isa = PBXNativeTarget;
			buildConfigurationList = 6DEECAFF2A32D1BC00B8E1E2 /* Build configuration list for PBXNativeTarget "RickAndMortyTests" */;
			buildPhases = (
				6DEECAE42A32D1BC00B8E1E2 /* Sources */,
				6DEECAE52A32D1BC00B8E1E2 /* Frameworks */,
				6DEECAE62A32D1BC00B8E1E2 /* Resources */,
			);
			buildRules = (
			);
			dependencies = (
				6DEECAEA2A32D1BC00B8E1E2 /* PBXTargetDependency */,
			);
			name = RickAndMortyTests;
			productName = RickAndMortyTests;
			productReference = 6DEECAE82A32D1BC00B8E1E2 /* RickAndMortyTests.xctest */;
			productType = "com.apple.product-type.bundle.unit-test";
		};
		6DEECAF12A32D1BC00B8E1E2 /* RickAndMortyUITests */ = {
			isa = PBXNativeTarget;
			buildConfigurationList = 6DEECB022A32D1BC00B8E1E2 /* Build configuration list for PBXNativeTarget "RickAndMortyUITests" */;
			buildPhases = (
				6DEECAEE2A32D1BC00B8E1E2 /* Sources */,
				6DEECAEF2A32D1BC00B8E1E2 /* Frameworks */,
				6DEECAF02A32D1BC00B8E1E2 /* Resources */,
			);
			buildRules = (
			);
			dependencies = (
				6DEECAF42A32D1BC00B8E1E2 /* PBXTargetDependency */,
			);
			name = RickAndMortyUITests;
			productName = RickAndMortyUITests;
			productReference = 6DEECAF22A32D1BC00B8E1E2 /* RickAndMortyUITests.xctest */;
			productType = "com.apple.product-type.bundle.ui-testing";
		};
/* End PBXNativeTarget section */

/* Begin PBXProject section */
		6DEECAC72A32D1BB00B8E1E2 /* Project object */ = {
			isa = PBXProject;
			attributes = {
				BuildIndependentTargetsInParallel = 1;
				LastSwiftUpdateCheck = 1420;
				LastUpgradeCheck = 1420;
				TargetAttributes = {
					6DEECACE2A32D1BB00B8E1E2 = {
						CreatedOnToolsVersion = 14.2;
					};
					6DEECAE72A32D1BC00B8E1E2 = {
						CreatedOnToolsVersion = 14.2;
						TestTargetID = 6DEECACE2A32D1BB00B8E1E2;
					};
					6DEECAF12A32D1BC00B8E1E2 = {
						CreatedOnToolsVersion = 14.2;
						TestTargetID = 6DEECACE2A32D1BB00B8E1E2;
					};
				};
			};
			buildConfigurationList = 6DEECACA2A32D1BB00B8E1E2 /* Build configuration list for PBXProject "RickAndMorty" */;
			compatibilityVersion = "Xcode 14.0";
			developmentRegion = en;
			hasScannedForEncodings = 0;
			knownRegions = (
				en,
				Base,
			);
			mainGroup = 6DEECAC62A32D1BB00B8E1E2;
			productRefGroup = 6DEECAD02A32D1BB00B8E1E2 /* Products */;
			projectDirPath = "";
			projectRoot = "";
			targets = (
				6DEECACE2A32D1BB00B8E1E2 /* RickAndMorty */,
				6DEECAE72A32D1BC00B8E1E2 /* RickAndMortyTests */,
				6DEECAF12A32D1BC00B8E1E2 /* RickAndMortyUITests */,
			);
		};
/* End PBXProject section */

/* Begin PBXResourcesBuildPhase section */
		6DEECACD2A32D1BB00B8E1E2 /* Resources */ = {
			isa = PBXResourcesBuildPhase;
			buildActionMask = 2147483647;
			files = (
				6DEECAE22A32D1BC00B8E1E2 /* LaunchScreen.storyboard in Resources */,
				6DEECADF2A32D1BC00B8E1E2 /* Assets.xcassets in Resources */,
				6DEECADA2A32D1BB00B8E1E2 /* Main.storyboard in Resources */,
			);
			runOnlyForDeploymentPostprocessing = 0;
		};
		6DEECAE62A32D1BC00B8E1E2 /* Resources */ = {
			isa = PBXResourcesBuildPhase;
			buildActionMask = 2147483647;
			files = (
			);
			runOnlyForDeploymentPostprocessing = 0;
		};
		6DEECAF02A32D1BC00B8E1E2 /* Resources */ = {
			isa = PBXResourcesBuildPhase;
			buildActionMask = 2147483647;
			files = (
			);
			runOnlyForDeploymentPostprocessing = 0;
		};
/* End PBXResourcesBuildPhase section */

/* Begin PBXSourcesBuildPhase section */
		6DEECACB2A32D1BB00B8E1E2 /* Sources */ = {
			isa = PBXSourcesBuildPhase;
			buildActionMask = 2147483647;
			files = (
				6D73A7A72A3997DA000B3F24 /* RMGetAllCharactersResponse.swift in Sources */,
				6D73A79D2A396EF0000B3F24 /* RMOrigin.swift in Sources */,
				6D73A78D2A395940000B3F24 /* RMSettingsViewController.swift in Sources */,
				6D73A7A12A396F06000B3F24 /* RMCharacterStatus.swift in Sources */,
				6DEECB0F2A32D4EB00B8E1E2 /* RMCharacter.swift in Sources */,
				6D73A7872A39590C000B3F24 /* RMCharacterViewController.swift in Sources */,
				6DEECADD2A32D1BB00B8E1E2 /* RickAndMorty.xcdatamodeld in Sources */,
				6DEECB112A32D4F300B8E1E2 /* RMEpisode.swift in Sources */,
				6D73A7892A395917000B3F24 /* RMLocationViewController.swift in Sources */,
				6D73A79F2A396EF9000B3F24 /* RMCharacterLocation.swift in Sources */,
				6DEECB0D2A32D4DE00B8E1E2 /* RMLocation.swift in Sources */,
				6D73A7A32A396FD1000B3F24 /* RMGender.swift in Sources */,
				6D73A7992A3969CE000B3F24 /* RMEndPoint.swift in Sources */,
				6D73A7952A3968F0000B3F24 /* RMService.swift in Sources */,
				6DEECAD32A32D1BB00B8E1E2 /* AppDelegate.swift in Sources */,
				6D73A7B12A39A1E0000B3F24 /* RMCharacterListView.swift in Sources */,
				6DEECAD52A32D1BB00B8E1E2 /* SceneDelegate.swift in Sources */,
				6D73A7972A39690F000B3F24 /* RMRequest.swift in Sources */,
				6D73A7AA2A39A097000B3F24 /* RMCharacterListViewModel.swift in Sources */,
				6D73A78B2A39592B000B3F24 /* RMEpisodeViewController.swift in Sources */,
			);
			runOnlyForDeploymentPostprocessing = 0;
		};
		6DEECAE42A32D1BC00B8E1E2 /* Sources */ = {
			isa = PBXSourcesBuildPhase;
			buildActionMask = 2147483647;
			files = (
				6DEECAED2A32D1BC00B8E1E2 /* RickAndMortyTests.swift in Sources */,
			);
			runOnlyForDeploymentPostprocessing = 0;
		};
		6DEECAEE2A32D1BC00B8E1E2 /* Sources */ = {
			isa = PBXSourcesBuildPhase;
			buildActionMask = 2147483647;
			files = (
				6DEECAF72A32D1BC00B8E1E2 /* RickAndMortyUITests.swift in Sources */,
				6DEECAF92A32D1BC00B8E1E2 /* RickAndMortyUITestsLaunchTests.swift in Sources */,
			);
			runOnlyForDeploymentPostprocessing = 0;
		};
/* End PBXSourcesBuildPhase section */

/* Begin PBXTargetDependency section */
		6DEECAEA2A32D1BC00B8E1E2 /* PBXTargetDependency */ = {
			isa = PBXTargetDependency;
			target = 6DEECACE2A32D1BB00B8E1E2 /* RickAndMorty */;
			targetProxy = 6DEECAE92A32D1BC00B8E1E2 /* PBXContainerItemProxy */;
		};
		6DEECAF42A32D1BC00B8E1E2 /* PBXTargetDependency */ = {
			isa = PBXTargetDependency;
			target = 6DEECACE2A32D1BB00B8E1E2 /* RickAndMorty */;
			targetProxy = 6DEECAF32A32D1BC00B8E1E2 /* PBXContainerItemProxy */;
		};
/* End PBXTargetDependency section */

/* Begin PBXVariantGroup section */
		6DEECAD82A32D1BB00B8E1E2 /* Main.storyboard */ = {
			isa = PBXVariantGroup;
			children = (
				6DEECAD92A32D1BB00B8E1E2 /* Base */,
			);
			name = Main.storyboard;
			sourceTree = "<group>";
		};
		6DEECAE02A32D1BC00B8E1E2 /* LaunchScreen.storyboard */ = {
			isa = PBXVariantGroup;
			children = (
				6DEECAE12A32D1BC00B8E1E2 /* Base */,
			);
			name = LaunchScreen.storyboard;
			sourceTree = "<group>";
		};
/* End PBXVariantGroup section */

/* Begin XCBuildConfiguration section */
		6DEECAFA2A32D1BC00B8E1E2 /* Debug */ = {
			isa = XCBuildConfiguration;
			buildSettings = {
				ALWAYS_SEARCH_USER_PATHS = NO;
				CLANG_ANALYZER_NONNULL = YES;
				CLANG_ANALYZER_NUMBER_OBJECT_CONVERSION = YES_AGGRESSIVE;
				CLANG_CXX_LANGUAGE_STANDARD = "gnu++20";
				CLANG_ENABLE_MODULES = YES;
				CLANG_ENABLE_OBJC_ARC = YES;
				CLANG_ENABLE_OBJC_WEAK = YES;
				CLANG_WARN_BLOCK_CAPTURE_AUTORELEASING = YES;
				CLANG_WARN_BOOL_CONVERSION = YES;
				CLANG_WARN_COMMA = YES;
				CLANG_WARN_CONSTANT_CONVERSION = YES;
				CLANG_WARN_DEPRECATED_OBJC_IMPLEMENTATIONS = YES;
				CLANG_WARN_DIRECT_OBJC_ISA_USAGE = YES_ERROR;
				CLANG_WARN_DOCUMENTATION_COMMENTS = YES;
				CLANG_WARN_EMPTY_BODY = YES;
				CLANG_WARN_ENUM_CONVERSION = YES;
				CLANG_WARN_INFINITE_RECURSION = YES;
				CLANG_WARN_INT_CONVERSION = YES;
				CLANG_WARN_NON_LITERAL_NULL_CONVERSION = YES;
				CLANG_WARN_OBJC_IMPLICIT_RETAIN_SELF = YES;
				CLANG_WARN_OBJC_LITERAL_CONVERSION = YES;
				CLANG_WARN_OBJC_ROOT_CLASS = YES_ERROR;
				CLANG_WARN_QUOTED_INCLUDE_IN_FRAMEWORK_HEADER = YES;
				CLANG_WARN_RANGE_LOOP_ANALYSIS = YES;
				CLANG_WARN_STRICT_PROTOTYPES = YES;
				CLANG_WARN_SUSPICIOUS_MOVE = YES;
				CLANG_WARN_UNGUARDED_AVAILABILITY = YES_AGGRESSIVE;
				CLANG_WARN_UNREACHABLE_CODE = YES;
				CLANG_WARN__DUPLICATE_METHOD_MATCH = YES;
				COPY_PHASE_STRIP = NO;
				DEBUG_INFORMATION_FORMAT = dwarf;
				ENABLE_STRICT_OBJC_MSGSEND = YES;
				ENABLE_TESTABILITY = YES;
				GCC_C_LANGUAGE_STANDARD = gnu11;
				GCC_DYNAMIC_NO_PIC = NO;
				GCC_NO_COMMON_BLOCKS = YES;
				GCC_OPTIMIZATION_LEVEL = 0;
				GCC_PREPROCESSOR_DEFINITIONS = (
					"DEBUG=1",
					"$(inherited)",
				);
				GCC_WARN_64_TO_32_BIT_CONVERSION = YES;
				GCC_WARN_ABOUT_RETURN_TYPE = YES_ERROR;
				GCC_WARN_UNDECLARED_SELECTOR = YES;
				GCC_WARN_UNINITIALIZED_AUTOS = YES_AGGRESSIVE;
				GCC_WARN_UNUSED_FUNCTION = YES;
				GCC_WARN_UNUSED_VARIABLE = YES;
				IPHONEOS_DEPLOYMENT_TARGET = 16.2;
				MTL_ENABLE_DEBUG_INFO = INCLUDE_SOURCE;
				MTL_FAST_MATH = YES;
				ONLY_ACTIVE_ARCH = YES;
				SDKROOT = iphoneos;
				SWIFT_ACTIVE_COMPILATION_CONDITIONS = DEBUG;
				SWIFT_OPTIMIZATION_LEVEL = "-Onone";
			};
			name = Debug;
		};
		6DEECAFB2A32D1BC00B8E1E2 /* Release */ = {
			isa = XCBuildConfiguration;
			buildSettings = {
				ALWAYS_SEARCH_USER_PATHS = NO;
				CLANG_ANALYZER_NONNULL = YES;
				CLANG_ANALYZER_NUMBER_OBJECT_CONVERSION = YES_AGGRESSIVE;
				CLANG_CXX_LANGUAGE_STANDARD = "gnu++20";
				CLANG_ENABLE_MODULES = YES;
				CLANG_ENABLE_OBJC_ARC = YES;
				CLANG_ENABLE_OBJC_WEAK = YES;
				CLANG_WARN_BLOCK_CAPTURE_AUTORELEASING = YES;
				CLANG_WARN_BOOL_CONVERSION = YES;
				CLANG_WARN_COMMA = YES;
				CLANG_WARN_CONSTANT_CONVERSION = YES;
				CLANG_WARN_DEPRECATED_OBJC_IMPLEMENTATIONS = YES;
				CLANG_WARN_DIRECT_OBJC_ISA_USAGE = YES_ERROR;
				CLANG_WARN_DOCUMENTATION_COMMENTS = YES;
				CLANG_WARN_EMPTY_BODY = YES;
				CLANG_WARN_ENUM_CONVERSION = YES;
				CLANG_WARN_INFINITE_RECURSION = YES;
				CLANG_WARN_INT_CONVERSION = YES;
				CLANG_WARN_NON_LITERAL_NULL_CONVERSION = YES;
				CLANG_WARN_OBJC_IMPLICIT_RETAIN_SELF = YES;
				CLANG_WARN_OBJC_LITERAL_CONVERSION = YES;
				CLANG_WARN_OBJC_ROOT_CLASS = YES_ERROR;
				CLANG_WARN_QUOTED_INCLUDE_IN_FRAMEWORK_HEADER = YES;
				CLANG_WARN_RANGE_LOOP_ANALYSIS = YES;
				CLANG_WARN_STRICT_PROTOTYPES = YES;
				CLANG_WARN_SUSPICIOUS_MOVE = YES;
				CLANG_WARN_UNGUARDED_AVAILABILITY = YES_AGGRESSIVE;
				CLANG_WARN_UNREACHABLE_CODE = YES;
				CLANG_WARN__DUPLICATE_METHOD_MATCH = YES;
				COPY_PHASE_STRIP = NO;
				DEBUG_INFORMATION_FORMAT = "dwarf-with-dsym";
				ENABLE_NS_ASSERTIONS = NO;
				ENABLE_STRICT_OBJC_MSGSEND = YES;
				GCC_C_LANGUAGE_STANDARD = gnu11;
				GCC_NO_COMMON_BLOCKS = YES;
				GCC_WARN_64_TO_32_BIT_CONVERSION = YES;
				GCC_WARN_ABOUT_RETURN_TYPE = YES_ERROR;
				GCC_WARN_UNDECLARED_SELECTOR = YES;
				GCC_WARN_UNINITIALIZED_AUTOS = YES_AGGRESSIVE;
				GCC_WARN_UNUSED_FUNCTION = YES;
				GCC_WARN_UNUSED_VARIABLE = YES;
				IPHONEOS_DEPLOYMENT_TARGET = 16.2;
				MTL_ENABLE_DEBUG_INFO = NO;
				MTL_FAST_MATH = YES;
				SDKROOT = iphoneos;
				SWIFT_COMPILATION_MODE = wholemodule;
				SWIFT_OPTIMIZATION_LEVEL = "-O";
				VALIDATE_PRODUCT = YES;
			};
			name = Release;
		};
		6DEECAFD2A32D1BC00B8E1E2 /* Debug */ = {
			isa = XCBuildConfiguration;
			buildSettings = {
				ASSETCATALOG_COMPILER_APPICON_NAME = AppIcon;
				ASSETCATALOG_COMPILER_GLOBAL_ACCENT_COLOR_NAME = AccentColor;
				CODE_SIGN_STYLE = Automatic;
				CURRENT_PROJECT_VERSION = 1;
				DEVELOPMENT_TEAM = 9VP3M3KHGQ;
				GENERATE_INFOPLIST_FILE = YES;
				INFOPLIST_FILE = RickAndMorty/Resources/Info.plist;
				INFOPLIST_KEY_UIApplicationSupportsIndirectInputEvents = YES;
				INFOPLIST_KEY_UILaunchStoryboardName = LaunchScreen;
				INFOPLIST_KEY_UIMainStoryboardFile = Main;
				INFOPLIST_KEY_UISupportedInterfaceOrientations_iPad = "UIInterfaceOrientationPortrait UIInterfaceOrientationPortraitUpsideDown UIInterfaceOrientationLandscapeLeft UIInterfaceOrientationLandscapeRight";
				INFOPLIST_KEY_UISupportedInterfaceOrientations_iPhone = "UIInterfaceOrientationPortrait UIInterfaceOrientationLandscapeLeft UIInterfaceOrientationLandscapeRight";
				LD_RUNPATH_SEARCH_PATHS = (
					"$(inherited)",
					"@executable_path/Frameworks",
				);
				MARKETING_VERSION = 1.0;
				PRODUCT_BUNDLE_IDENTIFIER = com.idevart.RickAndMorty.RickAndMorty;
				PRODUCT_NAME = "$(TARGET_NAME)";
				SWIFT_EMIT_LOC_STRINGS = YES;
				SWIFT_VERSION = 5.0;
				TARGETED_DEVICE_FAMILY = "1,2";
			};
			name = Debug;
		};
		6DEECAFE2A32D1BC00B8E1E2 /* Release */ = {
			isa = XCBuildConfiguration;
			buildSettings = {
				ASSETCATALOG_COMPILER_APPICON_NAME = AppIcon;
				ASSETCATALOG_COMPILER_GLOBAL_ACCENT_COLOR_NAME = AccentColor;
				CODE_SIGN_STYLE = Automatic;
				CURRENT_PROJECT_VERSION = 1;
				DEVELOPMENT_TEAM = 9VP3M3KHGQ;
				GENERATE_INFOPLIST_FILE = YES;
				INFOPLIST_FILE = RickAndMorty/Resources/Info.plist;
				INFOPLIST_KEY_UIApplicationSupportsIndirectInputEvents = YES;
				INFOPLIST_KEY_UILaunchStoryboardName = LaunchScreen;
				INFOPLIST_KEY_UIMainStoryboardFile = Main;
				INFOPLIST_KEY_UISupportedInterfaceOrientations_iPad = "UIInterfaceOrientationPortrait UIInterfaceOrientationPortraitUpsideDown UIInterfaceOrientationLandscapeLeft UIInterfaceOrientationLandscapeRight";
				INFOPLIST_KEY_UISupportedInterfaceOrientations_iPhone = "UIInterfaceOrientationPortrait UIInterfaceOrientationLandscapeLeft UIInterfaceOrientationLandscapeRight";
				LD_RUNPATH_SEARCH_PATHS = (
					"$(inherited)",
					"@executable_path/Frameworks",
				);
				MARKETING_VERSION = 1.0;
				PRODUCT_BUNDLE_IDENTIFIER = com.idevart.RickAndMorty.RickAndMorty;
				PRODUCT_NAME = "$(TARGET_NAME)";
				SWIFT_EMIT_LOC_STRINGS = YES;
				SWIFT_VERSION = 5.0;
				TARGETED_DEVICE_FAMILY = "1,2";
			};
			name = Release;
		};
		6DEECB002A32D1BC00B8E1E2 /* Debug */ = {
			isa = XCBuildConfiguration;
			buildSettings = {
				ALWAYS_EMBED_SWIFT_STANDARD_LIBRARIES = YES;
				BUNDLE_LOADER = "$(TEST_HOST)";
				CODE_SIGN_STYLE = Automatic;
				CURRENT_PROJECT_VERSION = 1;
				DEVELOPMENT_TEAM = 9VP3M3KHGQ;
				GENERATE_INFOPLIST_FILE = YES;
				IPHONEOS_DEPLOYMENT_TARGET = 16.2;
				MARKETING_VERSION = 1.0;
				PRODUCT_BUNDLE_IDENTIFIER = com.idevart.RickAndMorty.RickAndMortyTests;
				PRODUCT_NAME = "$(TARGET_NAME)";
				SWIFT_EMIT_LOC_STRINGS = NO;
				SWIFT_VERSION = 5.0;
				TARGETED_DEVICE_FAMILY = "1,2";
				TEST_HOST = "$(BUILT_PRODUCTS_DIR)/RickAndMorty.app/$(BUNDLE_EXECUTABLE_FOLDER_PATH)/RickAndMorty";
			};
			name = Debug;
		};
		6DEECB012A32D1BC00B8E1E2 /* Release */ = {
			isa = XCBuildConfiguration;
			buildSettings = {
				ALWAYS_EMBED_SWIFT_STANDARD_LIBRARIES = YES;
				BUNDLE_LOADER = "$(TEST_HOST)";
				CODE_SIGN_STYLE = Automatic;
				CURRENT_PROJECT_VERSION = 1;
				DEVELOPMENT_TEAM = 9VP3M3KHGQ;
				GENERATE_INFOPLIST_FILE = YES;
				IPHONEOS_DEPLOYMENT_TARGET = 16.2;
				MARKETING_VERSION = 1.0;
				PRODUCT_BUNDLE_IDENTIFIER = com.idevart.RickAndMorty.RickAndMortyTests;
				PRODUCT_NAME = "$(TARGET_NAME)";
				SWIFT_EMIT_LOC_STRINGS = NO;
				SWIFT_VERSION = 5.0;
				TARGETED_DEVICE_FAMILY = "1,2";
				TEST_HOST = "$(BUILT_PRODUCTS_DIR)/RickAndMorty.app/$(BUNDLE_EXECUTABLE_FOLDER_PATH)/RickAndMorty";
			};
			name = Release;
		};
		6DEECB032A32D1BC00B8E1E2 /* Debug */ = {
			isa = XCBuildConfiguration;
			buildSettings = {
				ALWAYS_EMBED_SWIFT_STANDARD_LIBRARIES = YES;
				CODE_SIGN_STYLE = Automatic;
				CURRENT_PROJECT_VERSION = 1;
				DEVELOPMENT_TEAM = 9VP3M3KHGQ;
				GENERATE_INFOPLIST_FILE = YES;
				MARKETING_VERSION = 1.0;
				PRODUCT_BUNDLE_IDENTIFIER = com.idevart.RickAndMorty.RickAndMortyUITests;
				PRODUCT_NAME = "$(TARGET_NAME)";
				SWIFT_EMIT_LOC_STRINGS = NO;
				SWIFT_VERSION = 5.0;
				TARGETED_DEVICE_FAMILY = "1,2";
				TEST_TARGET_NAME = RickAndMorty;
			};
			name = Debug;
		};
		6DEECB042A32D1BC00B8E1E2 /* Release */ = {
			isa = XCBuildConfiguration;
			buildSettings = {
				ALWAYS_EMBED_SWIFT_STANDARD_LIBRARIES = YES;
				CODE_SIGN_STYLE = Automatic;
				CURRENT_PROJECT_VERSION = 1;
				DEVELOPMENT_TEAM = 9VP3M3KHGQ;
				GENERATE_INFOPLIST_FILE = YES;
				MARKETING_VERSION = 1.0;
				PRODUCT_BUNDLE_IDENTIFIER = com.idevart.RickAndMorty.RickAndMortyUITests;
				PRODUCT_NAME = "$(TARGET_NAME)";
				SWIFT_EMIT_LOC_STRINGS = NO;
				SWIFT_VERSION = 5.0;
				TARGETED_DEVICE_FAMILY = "1,2";
				TEST_TARGET_NAME = RickAndMorty;
			};
			name = Release;
		};
/* End XCBuildConfiguration section */

/* Begin XCConfigurationList section */
		6DEECACA2A32D1BB00B8E1E2 /* Build configuration list for PBXProject "RickAndMorty" */ = {
			isa = XCConfigurationList;
			buildConfigurations = (
				6DEECAFA2A32D1BC00B8E1E2 /* Debug */,
				6DEECAFB2A32D1BC00B8E1E2 /* Release */,
			);
			defaultConfigurationIsVisible = 0;
			defaultConfigurationName = Release;
		};
		6DEECAFC2A32D1BC00B8E1E2 /* Build configuration list for PBXNativeTarget "RickAndMorty" */ = {
			isa = XCConfigurationList;
			buildConfigurations = (
				6DEECAFD2A32D1BC00B8E1E2 /* Debug */,
				6DEECAFE2A32D1BC00B8E1E2 /* Release */,
			);
			defaultConfigurationIsVisible = 0;
			defaultConfigurationName = Release;
		};
		6DEECAFF2A32D1BC00B8E1E2 /* Build configuration list for PBXNativeTarget "RickAndMortyTests" */ = {
			isa = XCConfigurationList;
			buildConfigurations = (
				6DEECB002A32D1BC00B8E1E2 /* Debug */,
				6DEECB012A32D1BC00B8E1E2 /* Release */,
			);
			defaultConfigurationIsVisible = 0;
			defaultConfigurationName = Release;
		};
		6DEECB022A32D1BC00B8E1E2 /* Build configuration list for PBXNativeTarget "RickAndMortyUITests" */ = {
			isa = XCConfigurationList;
			buildConfigurations = (
				6DEECB032A32D1BC00B8E1E2 /* Debug */,
				6DEECB042A32D1BC00B8E1E2 /* Release */,
			);
			defaultConfigurationIsVisible = 0;
			defaultConfigurationName = Release;
		};
/* End XCConfigurationList section */

/* Begin XCVersionGroup section */
		6DEECADB2A32D1BB00B8E1E2 /* RickAndMorty.xcdatamodeld */ = {
			isa = XCVersionGroup;
			children = (
				6DEECADC2A32D1BB00B8E1E2 /* RickAndMorty.xcdatamodel */,
			);
			currentVersion = 6DEECADC2A32D1BB00B8E1E2 /* RickAndMorty.xcdatamodel */;
			path = RickAndMorty.xcdatamodeld;
			sourceTree = "<group>";
			versionGroupType = wrapper.xcdatamodel;
		};
/* End XCVersionGroup section */
	};
	rootObject = 6DEECAC72A32D1BB00B8E1E2 /* Project object */;
}
